
Microsoft Visual Studio Solution File, Format Version 12.00
# Visual Studio Version 17
VisualStudioVersion = 17.14.35906.104 d17.14
MinimumVisualStudioVersion = 10.0.40219.1
Project("{54A90642-561A-4BB1-A94E-469ADEE60C69}") = "student-crud-app", "student-crud-app\student-crud-app.esproj", "{84E6B3E7-3493-D5A5-6F2C-33CFB380178A}"
EndProject
Global
	GlobalSection(SolutionConfigurationPlatforms) = preSolution
		Debug|Any CPU = Debug|Any CPU
		Release|Any CPU = Release|Any CPU
	EndGlobalSection
	GlobalSection(ProjectConfigurationPlatforms) = postSolution
		{84E6B3E7-3493-D5A5-6F2C-33CFB380178A}.Debug|Any CPU.ActiveCfg = Debug|Any CPU
		{84E6B3E7-3493-D5A5-6F2C-33CFB380178A}.Debug|Any CPU.Build.0 = Debug|Any CPU
		{84E6B3E7-3493-D5A5-6F2C-33CFB380178A}.Debug|Any CPU.Deploy.0 = Debug|Any CPU
		{84E6B3E7-3493-D5A5-6F2C-33CFB380178A}.Release|Any CPU.ActiveCfg = Release|Any CPU
		{84E6B3E7-3493-D5A5-6F2C-33CFB380178A}.Release|Any CPU.Build.0 = Release|Any CPU
		{84E6B3E7-3493-D5A5-6F2C-33CFB380178A}.Release|Any CPU.Deploy.0 = Release|Any CPU
	EndGlobalSection
	GlobalSection(SolutionProperties) = preSolution
		HideSolutionNode = FALSE
	EndGlobalSection
	GlobalSection(ExtensibilityGlobals) = postSolution
		SolutionGuid = {ECA567A0-99D6-4439-A6EF-03E2426307C7}
	EndGlobalSection
EndGlobal
